schema: '2.0'
stages:
  data_ingestion:
    cmd: python src/data/data_ingestion.py
    deps:
    - path: src/data/data_ingestion.py
      hash: md5
      md5: 30f741ca921b038cbc58e677c0c4114d
      size: 4334
    params:
      params.yaml:
        data_ingestion.test_size: 0.25
    outs:
    - path: data/raw
      hash: md5
      md5: 49d68ac9e22c6088d4afd89da38f5c38.dir
      size: 6919701
      nfiles: 2
  data_preprocessing:
    cmd: python src/data/data_preprocessing.py
    deps:
    - path: data/raw/test.csv
      hash: md5
      md5: 2e81d6eb492d93987768f731e904781c
      size: 1680931
    - path: data/raw/train.csv
      hash: md5
      md5: 18b3faba324bc010ea34ff2d9244645f
      size: 5238770
    - path: src/data/data_preprocessing.py
      hash: md5
      md5: 95d65e8dff630f59d93b8f2219e06ba3
      size: 3858
    outs:
    - path: data/interim
      hash: md5
      md5: 853614ea4b6060030acf322f3388001a.dir
      size: 5132728
      nfiles: 2
  model_building:
    cmd: python src/model/model_building.py
    deps:
    - path: data/interim/train_processed.csv
      hash: md5
      md5: 85c9eaa4afd2e561cc8a1d4284dc024e
      size: 3884710
    - path: src/model/model_building.py
      hash: md5
      md5: 843278b416fb1e5a7a083c2249bcdf4f
      size: 5664
    params:
      params.yaml:
        model_building.learning_rate: 0.09
        model_building.max_depth: 20
        model_building.max_features: 10000
        model_building.n_estimators: 367
        model_building.ngram_range:
        - 1
        - 3
    outs:
    - path: lgbm_model.pkl
      hash: md5
      md5: b3be389b98190db6d0ee518cc022cfde
      size: 4099244
    - path: tfidf_vectorizer.pkl
      hash: md5
      md5: fca93c229ea3930a5051c119f25adb02
      size: 344019
  model_evaluation:
    cmd: python src/model/model_evaluation.py
    deps:
    - path: data/interim/test_processed.csv
      hash: md5
      md5: 8650a2f50d2c0805c1d1083eea14a8f8
      size: 1248018
    - path: data/interim/train_processed.csv
      hash: md5
      md5: 85c9eaa4afd2e561cc8a1d4284dc024e
      size: 3884710
    - path: lgbm_model.pkl
      hash: md5
      md5: b3be389b98190db6d0ee518cc022cfde
      size: 4099244
    - path: src/model/model_evaluation.py
      hash: md5
      md5: 4472160f27606681f5e9e0ba6c73a486
      size: 7327
    - path: tfidf_vectorizer.pkl
      hash: md5
      md5: fca93c229ea3930a5051c119f25adb02
      size: 344019
    outs:
    - path: experiment_info.json
      hash: md5
      md5: 296d33df6d390ee17880982f198f6c6e
      size: 87
  model_registration:
    cmd: python src/model/register_model.py
    deps:
    - path: experiment_info.json
      hash: md5
      md5: 296d33df6d390ee17880982f198f6c6e
      size: 87
    - path: src/model/register_model.py
      hash: md5
      md5: 39edb370ea69fe5574a2142b0847705d
      size: 2482
